// !$*UTF8*$!
{
	archiveVersion = 1;
	classes = {
	};
	objectVersion = 56;
	objects = {

/* Begin PBXBuildFile section */
		37352CF52D1841F1008C0CE6 /* CreateCICDApp.swift in Sources */ = {isa = PBXBuildFile; fileRef = 37352CF42D1841F1008C0CE6 /* CreateCICDApp.swift */; };
		37352CF72D1841F1008C0CE6 /* ContentView.swift in Sources */ = {isa = PBXBuildFile; fileRef = 37352CF62D1841F1008C0CE6 /* ContentView.swift */; };
		37352CF92D1841F3008C0CE6 /* Assets.xcassets in Resources */ = {isa = PBXBuildFile; fileRef = 37352CF82D1841F3008C0CE6 /* Assets.xcassets */; };
		37352CFC2D1841F3008C0CE6 /* Preview Assets.xcassets in Resources */ = {isa = PBXBuildFile; fileRef = 37352CFB2D1841F3008C0CE6 /* Preview Assets.xcassets */; };
		37352D062D1841F3008C0CE6 /* CreateCICDTests.swift in Sources */ = {isa = PBXBuildFile; fileRef = 37352D052D1841F3008C0CE6 /* CreateCICDTests.swift */; };
		37352D102D1841F3008C0CE6 /* CreateCICDUITests.swift in Sources */ = {isa = PBXBuildFile; fileRef = 37352D0F2D1841F3008C0CE6 /* CreateCICDUITests.swift */; };
		37352D122D1841F3008C0CE6 /* CreateCICDUITestsLaunchTests.swift in Sources */ = {isa = PBXBuildFile; fileRef = 37352D112D1841F3008C0CE6 /* CreateCICDUITestsLaunchTests.swift */; };
/* End PBXBuildFile section */

/* Begin PBXContainerItemProxy section */
		37352D022D1841F3008C0CE6 /* PBXContainerItemProxy */ = {
			isa = PBXContainerItemProxy;
			containerPortal = 37352CE92D1841F1008C0CE6 /* Project object */;
			proxyType = 1;
			remoteGlobalIDString = 37352CF02D1841F1008C0CE6;
			remoteInfo = CreateCICD;
		};
		37352D0C2D1841F3008C0CE6 /* PBXContainerItemProxy */ = {
			isa = PBXContainerItemProxy;
			containerPortal = 37352CE92D1841F1008C0CE6 /* Project object */;
			proxyType = 1;
			remoteGlobalIDString = 37352CF02D1841F1008C0CE6;
			remoteInfo = CreateCICD;
		};
/* End PBXContainerItemProxy section */

/* Begin PBXFileReference section */
		37352CF12D1841F1008C0CE6 /* CreateCICD.app */ = {isa = PBXFileReference; explicitFileType = wrapper.application; includeInIndex = 0; path = CreateCICD.app; sourceTree = BUILT_PRODUCTS_DIR; };
		37352CF42D1841F1008C0CE6 /* CreateCICDApp.swift */ = {isa = PBXFileReference; lastKnownFileType = sourcecode.swift; path = CreateCICDApp.swift; sourceTree = "<group>"; };
		37352CF62D1841F1008C0CE6 /* ContentView.swift */ = {isa = PBXFileReference; lastKnownFileType = sourcecode.swift; path = ContentView.swift; sourceTree = "<group>"; };
		37352CF82D1841F3008C0CE6 /* Assets.xcassets */ = {isa = PBXFileReference; lastKnownFileType = folder.assetcatalog; path = Assets.xcassets; sourceTree = "<group>"; };
		37352CFB2D1841F3008C0CE6 /* Preview Assets.xcassets */ = {isa = PBXFileReference; lastKnownFileType = folder.assetcatalog; path = "Preview Assets.xcassets"; sourceTree = "<group>"; };
		37352D012D1841F3008C0CE6 /* CreateCICDTests.xctest */ = {isa = PBXFileReference; explicitFileType = wrapper.cfbundle; includeInIndex = 0; path = CreateCICDTests.xctest; sourceTree = BUILT_PRODUCTS_DIR; };
		37352D052D1841F3008C0CE6 /* CreateCICDTests.swift */ = {isa = PBXFileReference; lastKnownFileType = sourcecode.swift; path = CreateCICDTests.swift; sourceTree = "<group>"; };
		37352D0B2D1841F3008C0CE6 /* CreateCICDUITests.xctest */ = {isa = PBXFileReference; explicitFileType = wrapper.cfbundle; includeInIndex = 0; path = CreateCICDUITests.xctest; sourceTree = BUILT_PRODUCTS_DIR; };
		37352D0F2D1841F3008C0CE6 /* CreateCICDUITests.swift */ = {isa = PBXFileReference; lastKnownFileType = sourcecode.swift; path = CreateCICDUITests.swift; sourceTree = "<group>"; };
		37352D112D1841F3008C0CE6 /* CreateCICDUITestsLaunchTests.swift */ = {isa = PBXFileReference; lastKnownFileType = sourcecode.swift; path = CreateCICDUITestsLaunchTests.swift; sourceTree = "<group>"; };
/* End PBXFileReference section */

/* Begin PBXFrameworksBuildPhase section */
		37352CEE2D1841F1008C0CE6 /* Frameworks */ = {
			isa = PBXFrameworksBuildPhase;
			buildActionMask = 2147483647;
			files = (
			);
			runOnlyForDeploymentPostprocessing = 0;
		};
		37352CFE2D1841F3008C0CE6 /* Frameworks */ = {
			isa = PBXFrameworksBuildPhase;
			buildActionMask = 2147483647;
			files = (
			);
			runOnlyForDeploymentPostprocessing = 0;
		};
		37352D082D1841F3008C0CE6 /* Frameworks */ = {
			isa = PBXFrameworksBuildPhase;
			buildActionMask = 2147483647;
			files = (
			);
			runOnlyForDeploymentPostprocessing = 0;
		};
/* End PBXFrameworksBuildPhase section */

/* Begin PBXGroup section */
		37352CE82D1841F1008C0CE6 = {
			isa = PBXGroup;
			children = (
				37352CF32D1841F1008C0CE6 /* CreateCICD */,
				37352D042D1841F3008C0CE6 /* CreateCICDTests */,
				37352D0E2D1841F3008C0CE6 /* CreateCICDUITests */,
				37352CF22D1841F1008C0CE6 /* Products */,
			);
			sourceTree = "<group>";
		};
		37352CF22D1841F1008C0CE6 /* Products */ = {
			isa = PBXGroup;
			children = (
				37352CF12D1841F1008C0CE6 /* CreateCICD.app */,
				37352D012D1841F3008C0CE6 /* CreateCICDTests.xctest */,
				37352D0B2D1841F3008C0CE6 /* CreateCICDUITests.xctest */,
			);
			name = Products;
			sourceTree = "<group>";
		};
		37352CF32D1841F1008C0CE6 /* CreateCICD */ = {
			isa = PBXGroup;
			children = (
				37352CF42D1841F1008C0CE6 /* CreateCICDApp.swift */,
				37352CF62D1841F1008C0CE6 /* ContentView.swift */,
				37352CF82D1841F3008C0CE6 /* Assets.xcassets */,
				37352CFA2D1841F3008C0CE6 /* Preview Content */,
			);
			path = CreateCICD;
			sourceTree = "<group>";
		};
		37352CFA2D1841F3008C0CE6 /* Preview Content */ = {
			isa = PBXGroup;
			children = (
				37352CFB2D1841F3008C0CE6 /* Preview Assets.xcassets */,
			);
			path = "Preview Content";
			sourceTree = "<group>";
		};
		37352D042D1841F3008C0CE6 /* CreateCICDTests */ = {
			isa = PBXGroup;
			children = (
				37352D052D1841F3008C0CE6 /* CreateCICDTests.swift */,
			);
			path = CreateCICDTests;
			sourceTree = "<group>";
		};
		37352D0E2D1841F3008C0CE6 /* CreateCICDUITests */ = {
			isa = PBXGroup;
			children = (
				37352D0F2D1841F3008C0CE6 /* CreateCICDUITests.swift */,
				37352D112D1841F3008C0CE6 /* CreateCICDUITestsLaunchTests.swift */,
			);
			path = CreateCICDUITests;
			sourceTree = "<group>";
		};
/* End PBXGroup section */

/* Begin PBXNativeTarget section */
		37352CF02D1841F1008C0CE6 /* CreateCICD */ = {
			isa = PBXNativeTarget;
			buildConfigurationList = 37352D152D1841F3008C0CE6 /* Build configuration list for PBXNativeTarget "CreateCICD" */;
			buildPhases = (
				37352CED2D1841F1008C0CE6 /* Sources */,
				37352CEE2D1841F1008C0CE6 /* Frameworks */,
				37352CEF2D1841F1008C0CE6 /* Resources */,
			);
			buildRules = (
			);
			dependencies = (
			);
			name = CreateCICD;
			productName = CreateCICD;
			productReference = 37352CF12D1841F1008C0CE6 /* CreateCICD.app */;
			productType = "com.apple.product-type.application";
		};
		37352D002D1841F3008C0CE6 /* CreateCICDTests */ = {
			isa = PBXNativeTarget;
			buildConfigurationList = 37352D182D1841F3008C0CE6 /* Build configuration list for PBXNativeTarget "CreateCICDTests" */;
			buildPhases = (
				37352CFD2D1841F3008C0CE6 /* Sources */,
				37352CFE2D1841F3008C0CE6 /* Frameworks */,
				37352CFF2D1841F3008C0CE6 /* Resources */,
			);
			buildRules = (
			);
			dependencies = (
				37352D032D1841F3008C0CE6 /* PBXTargetDependency */,
			);
			name = CreateCICDTests;
			productName = CreateCICDTests;
			productReference = 37352D012D1841F3008C0CE6 /* CreateCICDTests.xctest */;
			productType = "com.apple.product-type.bundle.unit-test";
		};
		37352D0A2D1841F3008C0CE6 /* CreateCICDUITests */ = {
			isa = PBXNativeTarget;
			buildConfigurationList = 37352D1B2D1841F3008C0CE6 /* Build configuration list for PBXNativeTarget "CreateCICDUITests" */;
			buildPhases = (
				37352D072D1841F3008C0CE6 /* Sources */,
				37352D082D1841F3008C0CE6 /* Frameworks */,
				37352D092D1841F3008C0CE6 /* Resources */,
			);
			buildRules = (
			);
			dependencies = (
				37352D0D2D1841F3008C0CE6 /* PBXTargetDependency */,
			);
			name = CreateCICDUITests;
			productName = CreateCICDUITests;
			productReference = 37352D0B2D1841F3008C0CE6 /* CreateCICDUITests.xctest */;
			productType = "com.apple.product-type.bundle.ui-testing";
		};
/* End PBXNativeTarget section */

/* Begin PBXProject section */
		37352CE92D1841F1008C0CE6 /* Project object */ = {
			isa = PBXProject;
			attributes = {
				BuildIndependentTargetsInParallel = 1;
				LastSwiftUpdateCheck = 1540;
				LastUpgradeCheck = 1540;
				TargetAttributes = {
					37352CF02D1841F1008C0CE6 = {
						CreatedOnToolsVersion = 15.4;
					};
					37352D002D1841F3008C0CE6 = {
						CreatedOnToolsVersion = 15.4;
						TestTargetID = 37352CF02D1841F1008C0CE6;
					};
					37352D0A2D1841F3008C0CE6 = {
						CreatedOnToolsVersion = 15.4;
						TestTargetID = 37352CF02D1841F1008C0CE6;
					};
				};
			};
			buildConfigurationList = 37352CEC2D1841F1008C0CE6 /* Build configuration list for PBXProject "CreateCICD" */;
			compatibilityVersion = "Xcode 14.0";
			developmentRegion = en;
			hasScannedForEncodings = 0;
			knownRegions = (
				en,
				Base,
			);
			mainGroup = 37352CE82D1841F1008C0CE6;
			productRefGroup = 37352CF22D1841F1008C0CE6 /* Products */;
			projectDirPath = "";
			projectRoot = "";
			targets = (
				37352CF02D1841F1008C0CE6 /* CreateCICD */,
				37352D002D1841F3008C0CE6 /* CreateCICDTests */,
				37352D0A2D1841F3008C0CE6 /* CreateCICDUITests */,
			);
		};
/* End PBXProject section */

/* Begin PBXResourcesBuildPhase section */
		37352CEF2D1841F1008C0CE6 /* Resources */ = {
			isa = PBXResourcesBuildPhase;
			buildActionMask = 2147483647;
			files = (
				37352CFC2D1841F3008C0CE6 /* Preview Assets.xcassets in Resources */,
				37352CF92D1841F3008C0CE6 /* Assets.xcassets in Resources */,
			);
			runOnlyForDeploymentPostprocessing = 0;
		};
		37352CFF2D1841F3008C0CE6 /* Resources */ = {
			isa = PBXResourcesBuildPhase;
			buildActionMask = 2147483647;
			files = (
			);
			runOnlyForDeploymentPostprocessing = 0;
		};
		37352D092D1841F3008C0CE6 /* Resources */ = {
			isa = PBXResourcesBuildPhase;
			buildActionMask = 2147483647;
			files = (
			);
			runOnlyForDeploymentPostprocessing = 0;
		};
/* End PBXResourcesBuildPhase section */

/* Begin PBXSourcesBuildPhase section */
		37352CED2D1841F1008C0CE6 /* Sources */ = {
			isa = PBXSourcesBuildPhase;
			buildActionMask = 2147483647;
			files = (
				37352CF72D1841F1008C0CE6 /* ContentView.swift in Sources */,
				37352CF52D1841F1008C0CE6 /* CreateCICDApp.swift in Sources */,
			);
			runOnlyForDeploymentPostprocessing = 0;
		};
		37352CFD2D1841F3008C0CE6 /* Sources */ = {
			isa = PBXSourcesBuildPhase;
			buildActionMask = 2147483647;
			files = (
				37352D062D1841F3008C0CE6 /* CreateCICDTests.swift in Sources */,
			);
			runOnlyForDeploymentPostprocessing = 0;
		};
		37352D072D1841F3008C0CE6 /* Sources */ = {
			isa = PBXSourcesBuildPhase;
			buildActionMask = 2147483647;
			files = (
				37352D102D1841F3008C0CE6 /* CreateCICDUITests.swift in Sources */,
				37352D122D1841F3008C0CE6 /* CreateCICDUITestsLaunchTests.swift in Sources */,
			);
			runOnlyForDeploymentPostprocessing = 0;
		};
/* End PBXSourcesBuildPhase section */

/* Begin PBXTargetDependency section */
		37352D032D1841F3008C0CE6 /* PBXTargetDependency */ = {
			isa = PBXTargetDependency;
			target = 37352CF02D1841F1008C0CE6 /* CreateCICD */;
			targetProxy = 37352D022D1841F3008C0CE6 /* PBXContainerItemProxy */;
		};
		37352D0D2D1841F3008C0CE6 /* PBXTargetDependency */ = {
			isa = PBXTargetDependency;
			target = 37352CF02D1841F1008C0CE6 /* CreateCICD */;
			targetProxy = 37352D0C2D1841F3008C0CE6 /* PBXContainerItemProxy */;
		};
/* End PBXTargetDependency section */

/* Begin XCBuildConfiguration section */
		37352D132D1841F3008C0CE6 /* Debug */ = {
			isa = XCBuildConfiguration;
			buildSettings = {
				ALWAYS_SEARCH_USER_PATHS = NO;
				ASSETCATALOG_COMPILER_GENERATE_SWIFT_ASSET_SYMBOL_EXTENSIONS = YES;
				CLANG_ANALYZER_NONNULL = YES;
				CLANG_ANALYZER_NUMBER_OBJECT_CONVERSION = YES_AGGRESSIVE;
				CLANG_CXX_LANGUAGE_STANDARD = "gnu++20";
				CLANG_ENABLE_MODULES = YES;
				CLANG_ENABLE_OBJC_ARC = YES;
				CLANG_ENABLE_OBJC_WEAK = YES;
				CLANG_WARN_BLOCK_CAPTURE_AUTORELEASING = YES;
				CLANG_WARN_BOOL_CONVERSION = YES;
				CLANG_WARN_COMMA = YES;
				CLANG_WARN_CONSTANT_CONVERSION = YES;
				CLANG_WARN_DEPRECATED_OBJC_IMPLEMENTATIONS = YES;
				CLANG_WARN_DIRECT_OBJC_ISA_USAGE = YES_ERROR;
				CLANG_WARN_DOCUMENTATION_COMMENTS = YES;
				CLANG_WARN_EMPTY_BODY = YES;
				CLANG_WARN_ENUM_CONVERSION = YES;
				CLANG_WARN_INFINITE_RECURSION = YES;
				CLANG_WARN_INT_CONVERSION = YES;
				CLANG_WARN_NON_LITERAL_NULL_CONVERSION = YES;
				CLANG_WARN_OBJC_IMPLICIT_RETAIN_SELF = YES;
				CLANG_WARN_OBJC_LITERAL_CONVERSION = YES;
				CLANG_WARN_OBJC_ROOT_CLASS = YES_ERROR;
				CLANG_WARN_QUOTED_INCLUDE_IN_FRAMEWORK_HEADER = YES;
				CLANG_WARN_RANGE_LOOP_ANALYSIS = YES;
				CLANG_WARN_STRICT_PROTOTYPES = YES;
				CLANG_WARN_SUSPICIOUS_MOVE = YES;
				CLANG_WARN_UNGUARDED_AVAILABILITY = YES_AGGRESSIVE;
				CLANG_WARN_UNREACHABLE_CODE = YES;
				CLANG_WARN__DUPLICATE_METHOD_MATCH = YES;
				COPY_PHASE_STRIP = NO;
				DEBUG_INFORMATION_FORMAT = dwarf;
				ENABLE_STRICT_OBJC_MSGSEND = YES;
				ENABLE_TESTABILITY = YES;
				ENABLE_USER_SCRIPT_SANDBOXING = YES;
				GCC_C_LANGUAGE_STANDARD = gnu17;
				GCC_DYNAMIC_NO_PIC = NO;
				GCC_NO_COMMON_BLOCKS = YES;
				GCC_OPTIMIZATION_LEVEL = 0;
				GCC_PREPROCESSOR_DEFINITIONS = (
					"DEBUG=1",
					"$(inherited)",
				);
				GCC_WARN_64_TO_32_BIT_CONVERSION = YES;
				GCC_WARN_ABOUT_RETURN_TYPE = YES_ERROR;
				GCC_WARN_UNDECLARED_SELECTOR = YES;
				GCC_WARN_UNINITIALIZED_AUTOS = YES_AGGRESSIVE;
				GCC_WARN_UNUSED_FUNCTION = YES;
				GCC_WARN_UNUSED_VARIABLE = YES;
				IPHONEOS_DEPLOYMENT_TARGET = 17.5;
				LOCALIZATION_PREFERS_STRING_CATALOGS = YES;
				MTL_ENABLE_DEBUG_INFO = INCLUDE_SOURCE;
				MTL_FAST_MATH = YES;
				ONLY_ACTIVE_ARCH = YES;
				SDKROOT = iphoneos;
				SWIFT_ACTIVE_COMPILATION_CONDITIONS = "DEBUG $(inherited)";
				SWIFT_OPTIMIZATION_LEVEL = "-Onone";
			};
			name = Debug;
		};
		37352D142D1841F3008C0CE6 /* Release */ = {
			isa = XCBuildConfiguration;
			buildSettings = {
				ALWAYS_SEARCH_USER_PATHS = NO;
				ASSETCATALOG_COMPILER_GENERATE_SWIFT_ASSET_SYMBOL_EXTENSIONS = YES;
				CLANG_ANALYZER_NONNULL = YES;
				CLANG_ANALYZER_NUMBER_OBJECT_CONVERSION = YES_AGGRESSIVE;
				CLANG_CXX_LANGUAGE_STANDARD = "gnu++20";
				CLANG_ENABLE_MODULES = YES;
				CLANG_ENABLE_OBJC_ARC = YES;
				CLANG_ENABLE_OBJC_WEAK = YES;
				CLANG_WARN_BLOCK_CAPTURE_AUTORELEASING = YES;
				CLANG_WARN_BOOL_CONVERSION = YES;
				CLANG_WARN_COMMA = YES;
				CLANG_WARN_CONSTANT_CONVERSION = YES;
				CLANG_WARN_DEPRECATED_OBJC_IMPLEMENTATIONS = YES;
				CLANG_WARN_DIRECT_OBJC_ISA_USAGE = YES_ERROR;
				CLANG_WARN_DOCUMENTATION_COMMENTS = YES;
				CLANG_WARN_EMPTY_BODY = YES;
				CLANG_WARN_ENUM_CONVERSION = YES;
				CLANG_WARN_INFINITE_RECURSION = YES;
				CLANG_WARN_INT_CONVERSION = YES;
				CLANG_WARN_NON_LITERAL_NULL_CONVERSION = YES;
				CLANG_WARN_OBJC_IMPLICIT_RETAIN_SELF = YES;
				CLANG_WARN_OBJC_LITERAL_CONVERSION = YES;
				CLANG_WARN_OBJC_ROOT_CLASS = YES_ERROR;
				CLANG_WARN_QUOTED_INCLUDE_IN_FRAMEWORK_HEADER = YES;
				CLANG_WARN_RANGE_LOOP_ANALYSIS = YES;
				CLANG_WARN_STRICT_PROTOTYPES = YES;
				CLANG_WARN_SUSPICIOUS_MOVE = YES;
				CLANG_WARN_UNGUARDED_AVAILABILITY = YES_AGGRESSIVE;
				CLANG_WARN_UNREACHABLE_CODE = YES;
				CLANG_WARN__DUPLICATE_METHOD_MATCH = YES;
				COPY_PHASE_STRIP = NO;
				DEBUG_INFORMATION_FORMAT = "dwarf-with-dsym";
				ENABLE_NS_ASSERTIONS = NO;
				ENABLE_STRICT_OBJC_MSGSEND = YES;
				ENABLE_USER_SCRIPT_SANDBOXING = YES;
				GCC_C_LANGUAGE_STANDARD = gnu17;
				GCC_NO_COMMON_BLOCKS = YES;
				GCC_WARN_64_TO_32_BIT_CONVERSION = YES;
				GCC_WARN_ABOUT_RETURN_TYPE = YES_ERROR;
				GCC_WARN_UNDECLARED_SELECTOR = YES;
				GCC_WARN_UNINITIALIZED_AUTOS = YES_AGGRESSIVE;
				GCC_WARN_UNUSED_FUNCTION = YES;
				GCC_WARN_UNUSED_VARIABLE = YES;
				IPHONEOS_DEPLOYMENT_TARGET = 17.5;
				LOCALIZATION_PREFERS_STRING_CATALOGS = YES;
				MTL_ENABLE_DEBUG_INFO = NO;
				MTL_FAST_MATH = YES;
				SDKROOT = iphoneos;
				SWIFT_COMPILATION_MODE = wholemodule;
				VALIDATE_PRODUCT = YES;
			};
			name = Release;
		};
		37352D162D1841F3008C0CE6 /* Debug */ = {
			isa = XCBuildConfiguration;
			buildSettings = {
				ASSETCATALOG_COMPILER_APPICON_NAME = AppIcon;
				ASSETCATALOG_COMPILER_GLOBAL_ACCENT_COLOR_NAME = AccentColor;
				CODE_SIGN_STYLE = Automatic;
				CURRENT_PROJECT_VERSION = 1;
				DEVELOPMENT_ASSET_PATHS = "\"CreateCICD/Preview Content\"";
				ENABLE_PREVIEWS = YES;
				GENERATE_INFOPLIST_FILE = YES;
				INFOPLIST_KEY_UIApplicationSceneManifest_Generation = YES;
				INFOPLIST_KEY_UIApplicationSupportsIndirectInputEvents = YES;
				INFOPLIST_KEY_UILaunchScreen_Generation = YES;
				INFOPLIST_KEY_UISupportedInterfaceOrientations_iPad = "UIInterfaceOrientationPortrait UIInterfaceOrientationPortraitUpsideDown UIInterfaceOrientationLandscapeLeft UIInterfaceOrientationLandscapeRight";
				INFOPLIST_KEY_UISupportedInterfaceOrientations_iPhone = "UIInterfaceOrientationPortrait UIInterfaceOrientationLandscapeLeft UIInterfaceOrientationLandscapeRight";
				LD_RUNPATH_SEARCH_PATHS = (
					"$(inherited)",
					"@executable_path/Frameworks",
				);
				MARKETING_VERSION = 1.0;
				PRODUCT_BUNDLE_IDENTIFIER = com.arfansyah.denny.CreateCICD;
				PRODUCT_NAME = "$(TARGET_NAME)";
				SWIFT_EMIT_LOC_STRINGS = YES;
				SWIFT_VERSION = 5.0;
				TARGETED_DEVICE_FAMILY = "1,2";
			};
			name = Debug;
		};
		37352D172D1841F3008C0CE6 /* Release */ = {
			isa = XCBuildConfiguration;
			buildSettings = {
				ASSETCATALOG_COMPILER_APPICON_NAME = AppIcon;
				ASSETCATALOG_COMPILER_GLOBAL_ACCENT_COLOR_NAME = AccentColor;
				CODE_SIGN_STYLE = Automatic;
				CURRENT_PROJECT_VERSION = 1;
				DEVELOPMENT_ASSET_PATHS = "\"CreateCICD/Preview Content\"";
				ENABLE_PREVIEWS = YES;
				GENERATE_INFOPLIST_FILE = YES;
				INFOPLIST_KEY_UIApplicationSceneManifest_Generation = YES;
				INFOPLIST_KEY_UIApplicationSupportsIndirectInputEvents = YES;
				INFOPLIST_KEY_UILaunchScreen_Generation = YES;
				INFOPLIST_KEY_UISupportedInterfaceOrientations_iPad = "UIInterfaceOrientationPortrait UIInterfaceOrientationPortraitUpsideDown UIInterfaceOrientationLandscapeLeft UIInterfaceOrientationLandscapeRight";
				INFOPLIST_KEY_UISupportedInterfaceOrientations_iPhone = "UIInterfaceOrientationPortrait UIInterfaceOrientationLandscapeLeft UIInterfaceOrientationLandscapeRight";
				LD_RUNPATH_SEARCH_PATHS = (
					"$(inherited)",
					"@executable_path/Frameworks",
				);
				MARKETING_VERSION = 1.0;
				PRODUCT_BUNDLE_IDENTIFIER = com.arfansyah.denny.CreateCICD;
				PRODUCT_NAME = "$(TARGET_NAME)";
				SWIFT_EMIT_LOC_STRINGS = YES;
				SWIFT_VERSION = 5.0;
				TARGETED_DEVICE_FAMILY = "1,2";
			};
			name = Release;
		};
		37352D192D1841F3008C0CE6 /* Debug */ = {
			isa = XCBuildConfiguration;
			buildSettings = {
				ALWAYS_EMBED_SWIFT_STANDARD_LIBRARIES = YES;
				BUNDLE_LOADER = "$(TEST_HOST)";
				CODE_SIGN_STYLE = Automatic;
				CURRENT_PROJECT_VERSION = 1;
				GENERATE_INFOPLIST_FILE = YES;
				IPHONEOS_DEPLOYMENT_TARGET = 17.5;
				MARKETING_VERSION = 1.0;
				PRODUCT_BUNDLE_IDENTIFIER = com.arfansyah.denny.CreateCICDTests;
				PRODUCT_NAME = "$(TARGET_NAME)";
				SWIFT_EMIT_LOC_STRINGS = NO;
				SWIFT_VERSION = 5.0;
				TARGETED_DEVICE_FAMILY = "1,2";
				TEST_HOST = "$(BUILT_PRODUCTS_DIR)/CreateCICD.app/$(BUNDLE_EXECUTABLE_FOLDER_PATH)/CreateCICD";
			};
			name = Debug;
		};
		37352D1A2D1841F3008C0CE6 /* Release */ = {
			isa = XCBuildConfiguration;
			buildSettings = {
				ALWAYS_EMBED_SWIFT_STANDARD_LIBRARIES = YES;
				BUNDLE_LOADER = "$(TEST_HOST)";
				CODE_SIGN_STYLE = Automatic;
				CURRENT_PROJECT_VERSION = 1;
				GENERATE_INFOPLIST_FILE = YES;
				IPHONEOS_DEPLOYMENT_TARGET = 17.5;
				MARKETING_VERSION = 1.0;
				PRODUCT_BUNDLE_IDENTIFIER = com.arfansyah.denny.CreateCICDTests;
				PRODUCT_NAME = "$(TARGET_NAME)";
				SWIFT_EMIT_LOC_STRINGS = NO;
				SWIFT_VERSION = 5.0;
				TARGETED_DEVICE_FAMILY = "1,2";
				TEST_HOST = "$(BUILT_PRODUCTS_DIR)/CreateCICD.app/$(BUNDLE_EXECUTABLE_FOLDER_PATH)/CreateCICD";
			};
			name = Release;
		};
		37352D1C2D1841F3008C0CE6 /* Debug */ = {
			isa = XCBuildConfiguration;
			buildSettings = {
				ALWAYS_EMBED_SWIFT_STANDARD_LIBRARIES = YES;
				CODE_SIGN_STYLE = Automatic;
				CURRENT_PROJECT_VERSION = 1;
				GENERATE_INFOPLIST_FILE = YES;
				MARKETING_VERSION = 1.0;
				PRODUCT_BUNDLE_IDENTIFIER = com.arfansyah.denny.CreateCICDUITests;
				PRODUCT_NAME = "$(TARGET_NAME)";
				SWIFT_EMIT_LOC_STRINGS = NO;
				SWIFT_VERSION = 5.0;
				TARGETED_DEVICE_FAMILY = "1,2";
				TEST_TARGET_NAME = CreateCICD;
			};
			name = Debug;
		};
		37352D1D2D1841F3008C0CE6 /* Release */ = {
			isa = XCBuildConfiguration;
			buildSettings = {
				ALWAYS_EMBED_SWIFT_STANDARD_LIBRARIES = YES;
				CODE_SIGN_STYLE = Automatic;
				CURRENT_PROJECT_VERSION = 1;
				GENERATE_INFOPLIST_FILE = YES;
				MARKETING_VERSION = 1.0;
				PRODUCT_BUNDLE_IDENTIFIER = com.arfansyah.denny.CreateCICDUITests;
				PRODUCT_NAME = "$(TARGET_NAME)";
				SWIFT_EMIT_LOC_STRINGS = NO;
				SWIFT_VERSION = 5.0;
				TARGETED_DEVICE_FAMILY = "1,2";
				TEST_TARGET_NAME = CreateCICD;
			};
			name = Release;
		};
/* End XCBuildConfiguration section */

/* Begin XCConfigurationList section */
		37352CEC2D1841F1008C0CE6 /* Build configuration list for PBXProject "CreateCICD" */ = {
			isa = XCConfigurationList;
			buildConfigurations = (
				37352D132D1841F3008C0CE6 /* Debug */,
				37352D142D1841F3008C0CE6 /* Release */,
			);
			defaultConfigurationIsVisible = 0;
			defaultConfigurationName = Release;
		};
		37352D152D1841F3008C0CE6 /* Build configuration list for PBXNativeTarget "CreateCICD" */ = {
			isa = XCConfigurationList;
			buildConfigurations = (
				37352D162D1841F3008C0CE6 /* Debug */,
				37352D172D1841F3008C0CE6 /* Release */,
			);
			defaultConfigurationIsVisible = 0;
			defaultConfigurationName = Release;
		};
		37352D182D1841F3008C0CE6 /* Build configuration list for PBXNativeTarget "CreateCICDTests" */ = {
			isa = XCConfigurationList;
			buildConfigurations = (
				37352D192D1841F3008C0CE6 /* Debug */,
				37352D1A2D1841F3008C0CE6 /* Release */,
			);
			defaultConfigurationIsVisible = 0;
			defaultConfigurationName = Release;
		};
		37352D1B2D1841F3008C0CE6 /* Build configuration list for PBXNativeTarget "CreateCICDUITests" */ = {
			isa = XCConfigurationList;
			buildConfigurations = (
				37352D1C2D1841F3008C0CE6 /* Debug */,
				37352D1D2D1841F3008C0CE6 /* Release */,
			);
			defaultConfigurationIsVisible = 0;
			defaultConfigurationName = Release;
		};
/* End XCConfigurationList section */
	};
	rootObject = 37352CE92D1841F1008C0CE6 /* Project object */;
}
